{"format_version":"1.0","provider_schemas":{"registry.terraform.io/terra-farm/xenorchestra":{"provider":{"version":0,"block":{"attributes":{"insecure":{"type":"bool","description":"Whether SSL should be verified or not","description_kind":"plain","optional":true},"password":{"type":"string","description":"Password for xoa api","description_kind":"plain","required":true},"url":{"type":"string","description":"Hostname of the xoa router","description_kind":"plain","required":true},"username":{"type":"string","description":"User account for xoa api","description_kind":"plain","required":true}},"description_kind":"plain"}},"resource_schemas":{"xenorchestra_acl":{"version":0,"block":{"attributes":{"action":{"type":"string","description_kind":"plain","required":true},"id":{"type":"string","description_kind":"plain","optional":true,"computed":true},"object":{"type":"string","description_kind":"plain","required":true},"subject":{"type":"string","description_kind":"plain","required":true}},"description_kind":"plain"}},"xenorchestra_cloud_config":{"version":0,"block":{"attributes":{"id":{"type":"string","description_kind":"plain","optional":true,"computed":true},"name":{"type":"string","description_kind":"plain","required":true},"template":{"type":"string","description_kind":"plain","required":true}},"description_kind":"plain"}},"xenorchestra_resource_set":{"version":0,"block":{"attributes":{"id":{"type":"string","description_kind":"plain","optional":true,"computed":true},"name":{"type":"string","description_kind":"plain","required":true},"objects":{"type":["set","string"],"description_kind":"plain","optional":true},"subjects":{"type":["set","string"],"description_kind":"plain","optional":true}},"block_types":{"limit":{"nesting_mode":"set","block":{"attributes":{"quantity":{"type":"number","description_kind":"plain","required":true},"type":{"type":"string","description_kind":"plain","required":true}},"description_kind":"plain"},"min_items":1}},"description_kind":"plain"}},"xenorchestra_vm":{"version":0,"block":{"attributes":{"affinity_host":{"type":"string","description_kind":"plain","optional":true},"auto_poweron":{"type":"bool","description_kind":"plain","optional":true},"blocked_operations":{"type":["set","string"],"description_kind":"plain","optional":true},"cloud_config":{"type":"string","description_kind":"plain","optional":true},"cloud_network_config":{"type":"string","description_kind":"plain","optional":true},"core_os":{"type":"bool","description_kind":"plain","optional":true},"cpu_cap":{"type":"number","description_kind":"plain","optional":true},"cpu_weight":{"type":"number","description_kind":"plain","optional":true},"cpus":{"type":"number","description_kind":"plain","required":true},"exp_nested_hvm":{"type":"bool","description_kind":"plain","optional":true},"high_availability":{"type":"string","description_kind":"plain","optional":true},"host":{"type":"string","description_kind":"plain","optional":true},"hvm_boot_firmware":{"type":"string","description_kind":"plain","optional":true},"id":{"type":"string","description_kind":"plain","optional":true,"computed":true},"installation_method":{"type":"string","description_kind":"plain","optional":true},"ipv4_addresses":{"type":["list","string"],"description_kind":"plain","computed":true},"ipv6_addresses":{"type":["list","string"],"description_kind":"plain","computed":true},"memory_max":{"type":"number","description_kind":"plain","required":true},"name_description":{"type":"string","description_kind":"plain","optional":true},"name_label":{"type":"string","description_kind":"plain","required":true},"power_state":{"type":"string","description_kind":"plain","computed":true},"resource_set":{"type":"string","description_kind":"plain","optional":true},"start_delay":{"type":"number","description_kind":"plain","optional":true},"tags":{"type":["set","string"],"description_kind":"plain","optional":true},"template":{"type":"string","description_kind":"plain","required":true},"vga":{"type":"string","description_kind":"plain","optional":true},"videoram":{"type":"number","description_kind":"plain","optional":true},"wait_for_ip":{"type":"bool","description_kind":"plain","optional":true}},"block_types":{"cdrom":{"nesting_mode":"list","block":{"attributes":{"id":{"type":"string","description_kind":"plain","required":true}},"description_kind":"plain"},"max_items":1},"disk":{"nesting_mode":"list","block":{"attributes":{"attached":{"type":"bool","description_kind":"plain","optional":true},"name_description":{"type":"string","description_kind":"plain","optional":true},"name_label":{"type":"string","description_kind":"plain","required":true},"position":{"type":"string","description_kind":"plain","computed":true},"size":{"type":"number","description_kind":"plain","required":true},"sr_id":{"type":"string","description_kind":"plain","required":true},"vbd_id":{"type":"string","description_kind":"plain","computed":true},"vdi_id":{"type":"string","description_kind":"plain","computed":true}},"description_kind":"plain"},"min_items":1},"network":{"nesting_mode":"list","block":{"attributes":{"attached":{"type":"bool","description_kind":"plain","optional":true},"device":{"type":"string","description_kind":"plain","computed":true},"ipv4_addresses":{"type":["list","string"],"description_kind":"plain","computed":true},"ipv6_addresses":{"type":["list","string"],"description_kind":"plain","computed":true},"mac_address":{"type":"string","description_kind":"plain","optional":true,"computed":true},"network_id":{"type":"string","description_kind":"plain","required":true}},"description_kind":"plain"},"min_items":1},"timeouts":{"nesting_mode":"single","block":{"attributes":{"create":{"type":"string","description_kind":"plain","optional":true},"delete":{"type":"string","description_kind":"plain","optional":true},"update":{"type":"string","description_kind":"plain","optional":true}},"description_kind":"plain"}}},"description_kind":"plain"}}},"data_source_schemas":{"xenorchestra_cloud_config":{"version":0,"block":{"attributes":{"id":{"type":"string","description_kind":"plain","optional":true,"computed":true},"name":{"type":"string","description_kind":"plain","required":true},"template":{"type":"string","description_kind":"plain","computed":true}},"description_kind":"plain"}},"xenorchestra_host":{"version":0,"block":{"attributes":{"cpus":{"type":["map","number"],"description_kind":"plain","computed":true},"id":{"type":"string","description_kind":"plain","optional":true,"computed":true},"memory":{"type":"number","description_kind":"plain","computed":true},"memory_usage":{"type":"number","description_kind":"plain","computed":true},"name_label":{"type":"string","description_kind":"plain","required":true},"pool_id":{"type":"string","description_kind":"plain","computed":true},"tags":{"type":["set","string"],"description_kind":"plain","optional":true}},"description_kind":"plain"}},"xenorchestra_hosts":{"version":0,"block":{"attributes":{"hosts":{"type":["list",["object",{"cpus":["map","number"],"id":"string","memory":"number","memory_usage":"number","name_label":"string","pool_id":"string","tags":["set","string"]}]],"description_kind":"plain","computed":true},"id":{"type":"string","description_kind":"plain","optional":true,"computed":true},"master":{"type":"string","description_kind":"plain","computed":true},"pool_id":{"type":"string","description_kind":"plain","required":true},"sort_by":{"type":"string","description_kind":"plain","optional":true},"sort_order":{"type":"string","description_kind":"plain","optional":true},"tags":{"type":["set","string"],"description_kind":"plain","optional":true}},"description_kind":"plain"}},"xenorchestra_network":{"version":0,"block":{"attributes":{"bridge":{"type":"string","description_kind":"plain","optional":true,"computed":true},"id":{"type":"string","description_kind":"plain","optional":true,"computed":true},"name_label":{"type":"string","description_kind":"plain","required":true},"pool_id":{"type":"string","description_kind":"plain","optional":true}},"description_kind":"plain"}},"xenorchestra_pif":{"version":0,"block":{"attributes":{"attached":{"type":"bool","description_kind":"plain","computed":true},"device":{"type":"string","description_kind":"plain","required":true},"host":{"type":"string","description_kind":"plain","computed":true},"host_id":{"type":"string","description_kind":"plain","optional":true,"computed":true},"id":{"type":"string","description_kind":"plain","optional":true,"computed":true},"network":{"type":"string","description_kind":"plain","computed":true},"pool_id":{"type":"string","description_kind":"plain","computed":true},"uuid":{"type":"string","description_kind":"plain","computed":true},"vlan":{"type":"number","description_kind":"plain","required":true}},"description_kind":"plain"}},"xenorchestra_pool":{"version":0,"block":{"attributes":{"cpus":{"type":["map","string"],"description_kind":"plain","computed":true},"description":{"type":"string","description_kind":"plain","computed":true},"id":{"type":"string","description_kind":"plain","optional":true,"computed":true},"master":{"type":"string","description_kind":"plain","computed":true},"name_label":{"type":"string","description_kind":"plain","required":true}},"description_kind":"plain"}},"xenorchestra_resource_set":{"version":0,"block":{"attributes":{"id":{"type":"string","description_kind":"plain","optional":true,"computed":true},"name":{"type":"string","description_kind":"plain","required":true}},"description_kind":"plain"}},"xenorchestra_sr":{"version":0,"block":{"attributes":{"container":{"type":"string","description_kind":"plain","computed":true},"id":{"type":"string","description_kind":"plain","optional":true,"computed":true},"name_label":{"type":"string","description_kind":"plain","required":true},"physical_usage":{"type":"number","description_kind":"plain","computed":true},"pool_id":{"type":"string","description_kind":"plain","optional":true},"size":{"type":"number","description_kind":"plain","computed":true},"sr_type":{"type":"string","description_kind":"plain","computed":true},"tags":{"type":["set","string"],"description_kind":"plain","optional":true},"usage":{"type":"number","description_kind":"plain","computed":true},"uuid":{"type":"string","description_kind":"plain","computed":true}},"description_kind":"plain"}},"xenorchestra_template":{"version":0,"block":{"attributes":{"id":{"type":"string","description_kind":"plain","optional":true,"computed":true},"name_label":{"type":"string","description_kind":"plain","required":true},"pool_id":{"type":"string","description_kind":"plain","optional":true},"uuid":{"type":"string","description_kind":"plain","computed":true}},"description_kind":"plain"}},"xenorchestra_user":{"version":0,"block":{"attributes":{"id":{"type":"string","description_kind":"plain","optional":true,"computed":true},"search_in_session":{"type":"bool","description_kind":"plain","optional":true},"username":{"type":"string","description_kind":"plain","required":true}},"description_kind":"plain"}},"xenorchestra_vdi":{"version":0,"block":{"attributes":{"id":{"type":"string","description_kind":"plain","optional":true,"computed":true},"name_label":{"type":"string","description_kind":"plain","required":true},"pool_id":{"type":"string","description_kind":"plain","optional":true},"tags":{"type":["set","string"],"description_kind":"plain","optional":true}},"description_kind":"plain"}},"xenorchestra_vms":{"version":0,"block":{"attributes":{"host":{"type":"string","description_kind":"plain","optional":true},"id":{"type":"string","description_kind":"plain","optional":true,"computed":true},"pool_id":{"type":"string","description_kind":"plain","required":true},"power_state":{"type":"string","description_kind":"plain","optional":true},"vms":{"type":["list",["object",{"affinity_host":"string","auto_poweron":"bool","blocked_operations":["set","string"],"cloud_config":"string","cloud_network_config":"string","core_os":"bool","cpu_cap":"number","cpu_weight":"number","cpus":"number","disk":["list",["object",{"attached":"bool","name_description":"string","name_label":"string","position":"string","size":"number","sr_id":"string","vbd_id":"string","vdi_id":"string"}]],"exp_nested_hvm":"bool","high_availability":"string","host":"string","hvm_boot_firmware":"string","id":"string","ipv4_addresses":["list","string"],"ipv6_addresses":["list","string"],"memory_max":"number","name_description":"string","name_label":"string","network":["list",["object",{"attached":"bool","device":"string","ipv4_addresses":["list","string"],"ipv6_addresses":["list","string"],"mac_address":"string","network_id":"string"}]],"power_state":"string","resource_set":"string","start_delay":"number","tags":["set","string"],"template":"string","vga":"string","videoram":"number","wait_for_ip":"bool"}]],"description_kind":"plain","computed":true}},"description_kind":"plain"}}}}}}
